# THIS IS AN AUTOGENERATED FILE. DO NOT EDIT THIS FILE DIRECTLY.
# yarn lockfile v1


byron-kline-chart@^1.0.1:
  version "1.0.1"
  resolved "https://registry.yarnpkg.com/byron-kline-chart/-/byron-kline-chart-1.0.1.tgz#0e08eaa273ce99ee7532e17e7edfcb7670f05e2a"
  integrity sha512-Hb3EktU/XK+DRZON1RUp2CMFKwNKf0MVErBQjWU76qEho0sWU3uwf5iJvmCsA1i4SFC2kHka2AA4oOcCjsZtpg==
